
Microsoft Visual Studio Solution File, Format Version 12.00
# Visual Studio Version 17
VisualStudioVersion = 17.5.33502.453
MinimumVisualStudioVersion = 10.0.40219.1
Project("{FAE04EC0-301F-11D3-BF4B-00C04F79EFBC}") = "WeatherApp", "WeatherApp\WeatherApp.csproj", "{11F1E5B5-6045-449A-A94D-25BDE0B69192}"
EndProject
Global
	GlobalSection(SolutionConfigurationPlatforms) = preSolution
		Debug|Any CPU = Debug|Any CPU
		Release|Any CPU = Release|Any CPU
	EndGlobalSection
	GlobalSection(ProjectConfigurationPlatforms) = postSolution
		{11F1E5B5-6045-449A-A94D-25BDE0B69192}.Debug|Any CPU.ActiveCfg = Debug|Any CPU
		{11F1E5B5-6045-449A-A94D-25BDE0B69192}.Debug|Any CPU.Build.0 = Debug|Any CPU
		{11F1E5B5-6045-449A-A94D-25BDE0B69192}.Release|Any CPU.ActiveCfg = Release|Any CPU
		{11F1E5B5-6045-449A-A94D-25BDE0B69192}.Release|Any CPU.Build.0 = Release|Any CPU
	EndGlobalSection
	GlobalSection(SolutionProperties) = preSolution
		HideSolutionNode = FALSE
	EndGlobalSection
	GlobalSection(ExtensibilityGlobals) = postSolution
		SolutionGuid = {E599D664-FBE4-4143-93DC-D924723B1847}
	EndGlobalSection
EndGlobal
